
Microsoft Visual Studio Solution File, Format Version 12.00
# Visual Studio Version 16
VisualStudioVersion = 16.0.31624.102
MinimumVisualStudioVersion = 10.0.40219.1
Project("{9A19103F-16F7-4668-BE54-9A1E7A4F7556}") = "Lexer", "Lexer\Lexer.csproj", "{8F8BB1AE-317D-4B5C-A58F-E950B3BDFB4A}"
EndProject
Project("{9A19103F-16F7-4668-BE54-9A1E7A4F7556}") = "Parser", "Parser\Parser.csproj", "{334610DD-0916-46B3-9D20-694F92708E84}"
EndProject
Project("{9A19103F-16F7-4668-BE54-9A1E7A4F7556}") = "CMinusMinus", "CMinusMinus\CMinusMinus.csproj", "{9ADC9978-7D1E-4486-B094-3635286C0D07}"
EndProject
Project("{9A19103F-16F7-4668-BE54-9A1E7A4F7556}") = "CMinusMinus.Test", "CMinusMinus.Test\CMinusMinus.Test.csproj", "{899E5FEB-DC75-4D6D-B22B-C6A48053D894}"
EndProject
Global
	GlobalSection(SolutionConfigurationPlatforms) = preSolution
		Debug|Any CPU = Debug|Any CPU
		Release|Any CPU = Release|Any CPU
	EndGlobalSection
	GlobalSection(ProjectConfigurationPlatforms) = postSolution
		{8F8BB1AE-317D-4B5C-A58F-E950B3BDFB4A}.Debug|Any CPU.ActiveCfg = Debug|Any CPU
		{8F8BB1AE-317D-4B5C-A58F-E950B3BDFB4A}.Debug|Any CPU.Build.0 = Debug|Any CPU
		{8F8BB1AE-317D-4B5C-A58F-E950B3BDFB4A}.Release|Any CPU.ActiveCfg = Release|Any CPU
		{8F8BB1AE-317D-4B5C-A58F-E950B3BDFB4A}.Release|Any CPU.Build.0 = Release|Any CPU
		{334610DD-0916-46B3-9D20-694F92708E84}.Debug|Any CPU.ActiveCfg = Debug|Any CPU
		{334610DD-0916-46B3-9D20-694F92708E84}.Debug|Any CPU.Build.0 = Debug|Any CPU
		{334610DD-0916-46B3-9D20-694F92708E84}.Release|Any CPU.ActiveCfg = Release|Any CPU
		{334610DD-0916-46B3-9D20-694F92708E84}.Release|Any CPU.Build.0 = Release|Any CPU
		{9ADC9978-7D1E-4486-B094-3635286C0D07}.Debug|Any CPU.ActiveCfg = Debug|Any CPU
		{9ADC9978-7D1E-4486-B094-3635286C0D07}.Debug|Any CPU.Build.0 = Debug|Any CPU
		{9ADC9978-7D1E-4486-B094-3635286C0D07}.Release|Any CPU.ActiveCfg = Release|Any CPU
		{9ADC9978-7D1E-4486-B094-3635286C0D07}.Release|Any CPU.Build.0 = Release|Any CPU
		{899E5FEB-DC75-4D6D-B22B-C6A48053D894}.Debug|Any CPU.ActiveCfg = Debug|Any CPU
		{899E5FEB-DC75-4D6D-B22B-C6A48053D894}.Debug|Any CPU.Build.0 = Debug|Any CPU
		{899E5FEB-DC75-4D6D-B22B-C6A48053D894}.Release|Any CPU.ActiveCfg = Release|Any CPU
		{899E5FEB-DC75-4D6D-B22B-C6A48053D894}.Release|Any CPU.Build.0 = Release|Any CPU
	EndGlobalSection
	GlobalSection(SolutionProperties) = preSolution
		HideSolutionNode = FALSE
	EndGlobalSection
	GlobalSection(ExtensibilityGlobals) = postSolution
		SolutionGuid = {95786FEA-9F3E-4600-86A7-979B0CAFA52D}
	EndGlobalSection
EndGlobal
