
Microsoft Visual Studio Solution File, Format Version 12.00
# Visual Studio Version 16
VisualStudioVersion = 16.0.31624.102
MinimumVisualStudioVersion = 10.0.40219.1
Project("{9A19103F-16F7-4668-BE54-9A1E7A4F7556}") = "Lexer", "Lexer\Lexer.csproj", "{8F8BB1AE-317D-4B5C-A58F-E950B3BDFB4A}"
EndProject
Project("{9A19103F-16F7-4668-BE54-9A1E7A4F7556}") = "Parser", "Parser\Parser.csproj", "{334610DD-0916-46B3-9D20-694F92708E84}"
EndProject
Project("{9A19103F-16F7-4668-BE54-9A1E7A4F7556}") = "CMinusMinus", "CMinusMinus\CMinusMinus.csproj", "{9ADC9978-7D1E-4486-B094-3635286C0D07}"
EndProject
Project("{9A19103F-16F7-4668-BE54-9A1E7A4F7556}") = "CMinusMinus.Test", "CMinusMinus.Test\CMinusMinus.Test.csproj", "{899E5FEB-DC75-4D6D-B22B-C6A48053D894}"
EndProject
Project("{9A19103F-16F7-4668-BE54-9A1E7A4F7556}") = "Language", "Language\Language.csproj", "{6B466185-2AA2-42B0-95F3-1A3D1D6E24CC}"
EndProject
Project("{9A19103F-16F7-4668-BE54-9A1E7A4F7556}") = "Language.Test", "Language.Test\Language.Test.csproj", "{DD4B917F-9487-4411-8381-2E321AC8FCD7}"
EndProject
Project("{2150E333-8FDC-42A3-9474-1A3956D46DE8}") = "Solution Items", "Solution Items", "{0035FA0A-575C-4385-8F74-3C3F868F5AD3}"
	ProjectSection(SolutionItems) = preProject
		.editorconfig = .editorconfig
	EndProjectSection
EndProject
Project("{9A19103F-16F7-4668-BE54-9A1E7A4F7556}") = "Visualizer", "Visualizer\Visualizer.csproj", "{DC0D797E-CEE1-43FF-B6FB-7B88B3057879}"
EndProject
Project("{9A19103F-16F7-4668-BE54-9A1E7A4F7556}") = "Parser.Test", "Parser.Test\Parser.Test.csproj", "{FA762DB6-DB8B-4913-9F4C-1445462CBAD2}"
EndProject
Project("{9A19103F-16F7-4668-BE54-9A1E7A4F7556}") = "Analyzer", "Analyzer\Analyzer.csproj", "{83BD3179-8719-4206-9852-09B0F8505C62}"
EndProject
Project("{FAE04EC0-301F-11D3-BF4B-00C04F79EFBC}") = "IntermediateCodeGenerator", "IntermediateCodeGenerator\IntermediateCodeGenerator.csproj", "{31085A65-1FE5-473B-A17A-1EDF180B7009}"
EndProject
Global
	GlobalSection(SolutionConfigurationPlatforms) = preSolution
		Debug|Any CPU = Debug|Any CPU
		Release|Any CPU = Release|Any CPU
	EndGlobalSection
	GlobalSection(ProjectConfigurationPlatforms) = postSolution
		{8F8BB1AE-317D-4B5C-A58F-E950B3BDFB4A}.Debug|Any CPU.ActiveCfg = Debug|Any CPU
		{8F8BB1AE-317D-4B5C-A58F-E950B3BDFB4A}.Debug|Any CPU.Build.0 = Debug|Any CPU
		{8F8BB1AE-317D-4B5C-A58F-E950B3BDFB4A}.Release|Any CPU.ActiveCfg = Release|Any CPU
		{8F8BB1AE-317D-4B5C-A58F-E950B3BDFB4A}.Release|Any CPU.Build.0 = Release|Any CPU
		{334610DD-0916-46B3-9D20-694F92708E84}.Debug|Any CPU.ActiveCfg = Debug|Any CPU
		{334610DD-0916-46B3-9D20-694F92708E84}.Debug|Any CPU.Build.0 = Debug|Any CPU
		{334610DD-0916-46B3-9D20-694F92708E84}.Release|Any CPU.ActiveCfg = Release|Any CPU
		{334610DD-0916-46B3-9D20-694F92708E84}.Release|Any CPU.Build.0 = Release|Any CPU
		{9ADC9978-7D1E-4486-B094-3635286C0D07}.Debug|Any CPU.ActiveCfg = Debug|Any CPU
		{9ADC9978-7D1E-4486-B094-3635286C0D07}.Debug|Any CPU.Build.0 = Debug|Any CPU
		{9ADC9978-7D1E-4486-B094-3635286C0D07}.Release|Any CPU.ActiveCfg = Release|Any CPU
		{9ADC9978-7D1E-4486-B094-3635286C0D07}.Release|Any CPU.Build.0 = Release|Any CPU
		{899E5FEB-DC75-4D6D-B22B-C6A48053D894}.Debug|Any CPU.ActiveCfg = Debug|Any CPU
		{899E5FEB-DC75-4D6D-B22B-C6A48053D894}.Debug|Any CPU.Build.0 = Debug|Any CPU
		{899E5FEB-DC75-4D6D-B22B-C6A48053D894}.Release|Any CPU.ActiveCfg = Release|Any CPU
		{899E5FEB-DC75-4D6D-B22B-C6A48053D894}.Release|Any CPU.Build.0 = Release|Any CPU
		{6B466185-2AA2-42B0-95F3-1A3D1D6E24CC}.Debug|Any CPU.ActiveCfg = Debug|Any CPU
		{6B466185-2AA2-42B0-95F3-1A3D1D6E24CC}.Debug|Any CPU.Build.0 = Debug|Any CPU
		{6B466185-2AA2-42B0-95F3-1A3D1D6E24CC}.Release|Any CPU.ActiveCfg = Release|Any CPU
		{6B466185-2AA2-42B0-95F3-1A3D1D6E24CC}.Release|Any CPU.Build.0 = Release|Any CPU
		{DD4B917F-9487-4411-8381-2E321AC8FCD7}.Debug|Any CPU.ActiveCfg = Debug|Any CPU
		{DD4B917F-9487-4411-8381-2E321AC8FCD7}.Debug|Any CPU.Build.0 = Debug|Any CPU
		{DD4B917F-9487-4411-8381-2E321AC8FCD7}.Release|Any CPU.ActiveCfg = Release|Any CPU
		{DD4B917F-9487-4411-8381-2E321AC8FCD7}.Release|Any CPU.Build.0 = Release|Any CPU
		{DC0D797E-CEE1-43FF-B6FB-7B88B3057879}.Debug|Any CPU.ActiveCfg = Debug|Any CPU
		{DC0D797E-CEE1-43FF-B6FB-7B88B3057879}.Debug|Any CPU.Build.0 = Debug|Any CPU
		{DC0D797E-CEE1-43FF-B6FB-7B88B3057879}.Release|Any CPU.ActiveCfg = Release|Any CPU
		{DC0D797E-CEE1-43FF-B6FB-7B88B3057879}.Release|Any CPU.Build.0 = Release|Any CPU
		{FA762DB6-DB8B-4913-9F4C-1445462CBAD2}.Debug|Any CPU.ActiveCfg = Debug|Any CPU
		{FA762DB6-DB8B-4913-9F4C-1445462CBAD2}.Debug|Any CPU.Build.0 = Debug|Any CPU
		{FA762DB6-DB8B-4913-9F4C-1445462CBAD2}.Release|Any CPU.ActiveCfg = Release|Any CPU
		{FA762DB6-DB8B-4913-9F4C-1445462CBAD2}.Release|Any CPU.Build.0 = Release|Any CPU
		{83BD3179-8719-4206-9852-09B0F8505C62}.Debug|Any CPU.ActiveCfg = Debug|Any CPU
		{83BD3179-8719-4206-9852-09B0F8505C62}.Debug|Any CPU.Build.0 = Debug|Any CPU
		{83BD3179-8719-4206-9852-09B0F8505C62}.Release|Any CPU.ActiveCfg = Release|Any CPU
		{83BD3179-8719-4206-9852-09B0F8505C62}.Release|Any CPU.Build.0 = Release|Any CPU
		{31085A65-1FE5-473B-A17A-1EDF180B7009}.Debug|Any CPU.ActiveCfg = Debug|Any CPU
		{31085A65-1FE5-473B-A17A-1EDF180B7009}.Debug|Any CPU.Build.0 = Debug|Any CPU
		{31085A65-1FE5-473B-A17A-1EDF180B7009}.Release|Any CPU.ActiveCfg = Release|Any CPU
		{31085A65-1FE5-473B-A17A-1EDF180B7009}.Release|Any CPU.Build.0 = Release|Any CPU
	EndGlobalSection
	GlobalSection(SolutionProperties) = preSolution
		HideSolutionNode = FALSE
	EndGlobalSection
	GlobalSection(ExtensibilityGlobals) = postSolution
		SolutionGuid = {95786FEA-9F3E-4600-86A7-979B0CAFA52D}
	EndGlobalSection
EndGlobal
